
Microsoft Visual Studio Solution File, Format Version 10.00
# Visual Studio 2008
Project("{8BC9CEB8-8B4A-11D0-8D11-00A0C91BC942}") = "bochs", "bochs.vcproj", "{A09427D6-1B00-4416-9B29-20E659ED2606}"
	ProjectSection(ProjectDependencies) = postProject
		{25A3CFB3-8943-4D9C-84BE-DA3E3C8A4115} = {25A3CFB3-8943-4D9C-84BE-DA3E3C8A4115}
		{17E9DDBE-FC7E-4EE0-9F21-9FA0415F9ED8} = {17E9DDBE-FC7E-4EE0-9F21-9FA0415F9ED8}
		{BBFF892D-2F57-4561-B2D0-ED4C3A9B7051} = {BBFF892D-2F57-4561-B2D0-ED4C3A9B7051}
		{1F5E4760-8D1E-47A7-9730-E29DCBB6701F} = {1F5E4760-8D1E-47A7-9730-E29DCBB6701F}
		{B107C955-4324-4990-BB79-6CBC91C6D12A} = {B107C955-4324-4990-BB79-6CBC91C6D12A}
		{5661CD4E-BA54-4E67-A586-BB014AC94614} = {5661CD4E-BA54-4E67-A586-BB014AC94614}
		{1009364E-AC0A-4407-B18F-27BB6ED82E4C} = {1009364E-AC0A-4407-B18F-27BB6ED82E4C}
		{CB7FED3F-0053-4ED9-8155-70D06457C620} = {CB7FED3F-0053-4ED9-8155-70D06457C620}
		{66392E55-53BC-4743-8712-55D8DC7D61E0} = {66392E55-53BC-4743-8712-55D8DC7D61E0}
		{2C9EB28F-C249-4201-939A-EA3A0333B3A6} = {2C9EB28F-C249-4201-939A-EA3A0333B3A6}
		{88F11CBB-D14A-4981-A91A-BFE987C756E8} = {88F11CBB-D14A-4981-A91A-BFE987C756E8}
	EndProjectSection
EndProject
Project("{8BC9CEB8-8B4A-11D0-8D11-00A0C91BC942}") = "bx_debug", "bx_debug.vcproj", "{88F11CBB-D14A-4981-A91A-BFE987C756E8}"
EndProject
Project("{8BC9CEB8-8B4A-11D0-8D11-00A0C91BC942}") = "bxcommit", "bxcommit.vcproj", "{2C9EB28F-C249-4201-939A-EA3A0333B3A6}"
EndProject
Project("{8BC9CEB8-8B4A-11D0-8D11-00A0C91BC942}") = "bximage", "bximage.vcproj", "{1009364E-AC0A-4407-B18F-27BB6ED82E4C}"
EndProject
Project("{8BC9CEB8-8B4A-11D0-8D11-00A0C91BC942}") = "cpu", "cpu.vcproj", "{17E9DDBE-FC7E-4EE0-9F21-9FA0415F9ED8}"
EndProject
Project("{8BC9CEB8-8B4A-11D0-8D11-00A0C91BC942}") = "disasm", "disasm.vcproj", "{66392E55-53BC-4743-8712-55D8DC7D61E0}"
EndProject
Project("{8BC9CEB8-8B4A-11D0-8D11-00A0C91BC942}") = "fpu", "fpu.vcproj", "{5661CD4E-BA54-4E67-A586-BB014AC94614}"
EndProject
Project("{8BC9CEB8-8B4A-11D0-8D11-00A0C91BC942}") = "gui", "gui.vcproj", "{1F5E4760-8D1E-47A7-9730-E29DCBB6701F}"
EndProject
Project("{8BC9CEB8-8B4A-11D0-8D11-00A0C91BC942}") = "iodev", "iodev.vcproj", "{25A3CFB3-8943-4D9C-84BE-DA3E3C8A4115}"
EndProject
Project("{8BC9CEB8-8B4A-11D0-8D11-00A0C91BC942}") = "memory", "memory.vcproj", "{BBFF892D-2F57-4561-B2D0-ED4C3A9B7051}"
EndProject
Project("{8BC9CEB8-8B4A-11D0-8D11-00A0C91BC942}") = "niclist", "niclist.vcproj", "{CB7FED3F-0053-4ED9-8155-70D06457C620}"
EndProject
Project("{8BC9CEB8-8B4A-11D0-8D11-00A0C91BC942}") = "stubs", "stubs.vcproj", "{B107C955-4324-4990-BB79-6CBC91C6D12A}"
EndProject
Global
	GlobalSection(SolutionConfigurationPlatforms) = preSolution
		Debug|Win32 = Debug|Win32
		Release|Win32 = Release|Win32
	EndGlobalSection
	GlobalSection(ProjectConfigurationPlatforms) = postSolution
		{A09427D6-1B00-4416-9B29-20E659ED2606}.Debug|Win32.ActiveCfg = Debug|Win32
		{A09427D6-1B00-4416-9B29-20E659ED2606}.Debug|Win32.Build.0 = Debug|Win32
		{A09427D6-1B00-4416-9B29-20E659ED2606}.Release|Win32.ActiveCfg = Release|Win32
		{A09427D6-1B00-4416-9B29-20E659ED2606}.Release|Win32.Build.0 = Release|Win32
		{88F11CBB-D14A-4981-A91A-BFE987C756E8}.Debug|Win32.ActiveCfg = Debug|Win32
		{88F11CBB-D14A-4981-A91A-BFE987C756E8}.Debug|Win32.Build.0 = Debug|Win32
		{88F11CBB-D14A-4981-A91A-BFE987C756E8}.Release|Win32.ActiveCfg = Release|Win32
		{88F11CBB-D14A-4981-A91A-BFE987C756E8}.Release|Win32.Build.0 = Release|Win32
		{2C9EB28F-C249-4201-939A-EA3A0333B3A6}.Debug|Win32.ActiveCfg = Debug|Win32
		{2C9EB28F-C249-4201-939A-EA3A0333B3A6}.Debug|Win32.Build.0 = Debug|Win32
		{2C9EB28F-C249-4201-939A-EA3A0333B3A6}.Release|Win32.ActiveCfg = Release|Win32
		{2C9EB28F-C249-4201-939A-EA3A0333B3A6}.Release|Win32.Build.0 = Release|Win32
		{1009364E-AC0A-4407-B18F-27BB6ED82E4C}.Debug|Win32.ActiveCfg = Debug|Win32
		{1009364E-AC0A-4407-B18F-27BB6ED82E4C}.Debug|Win32.Build.0 = Debug|Win32
		{1009364E-AC0A-4407-B18F-27BB6ED82E4C}.Release|Win32.ActiveCfg = Release|Win32
		{1009364E-AC0A-4407-B18F-27BB6ED82E4C}.Release|Win32.Build.0 = Release|Win32
		{17E9DDBE-FC7E-4EE0-9F21-9FA0415F9ED8}.Debug|Win32.ActiveCfg = Debug|Win32
		{17E9DDBE-FC7E-4EE0-9F21-9FA0415F9ED8}.Debug|Win32.Build.0 = Debug|Win32
		{17E9DDBE-FC7E-4EE0-9F21-9FA0415F9ED8}.Release|Win32.ActiveCfg = Release|Win32
		{17E9DDBE-FC7E-4EE0-9F21-9FA0415F9ED8}.Release|Win32.Build.0 = Release|Win32
		{66392E55-53BC-4743-8712-55D8DC7D61E0}.Debug|Win32.ActiveCfg = Debug|Win32
		{66392E55-53BC-4743-8712-55D8DC7D61E0}.Debug|Win32.Build.0 = Debug|Win32
		{66392E55-53BC-4743-8712-55D8DC7D61E0}.Release|Win32.ActiveCfg = Release|Win32
		{66392E55-53BC-4743-8712-55D8DC7D61E0}.Release|Win32.Build.0 = Release|Win32
		{5661CD4E-BA54-4E67-A586-BB014AC94614}.Debug|Win32.ActiveCfg = Debug|Win32
		{5661CD4E-BA54-4E67-A586-BB014AC94614}.Debug|Win32.Build.0 = Debug|Win32
		{5661CD4E-BA54-4E67-A586-BB014AC94614}.Release|Win32.ActiveCfg = Release|Win32
		{5661CD4E-BA54-4E67-A586-BB014AC94614}.Release|Win32.Build.0 = Release|Win32
		{1F5E4760-8D1E-47A7-9730-E29DCBB6701F}.Debug|Win32.ActiveCfg = Debug|Win32
		{1F5E4760-8D1E-47A7-9730-E29DCBB6701F}.Debug|Win32.Build.0 = Debug|Win32
		{1F5E4760-8D1E-47A7-9730-E29DCBB6701F}.Release|Win32.ActiveCfg = Release|Win32
		{1F5E4760-8D1E-47A7-9730-E29DCBB6701F}.Release|Win32.Build.0 = Release|Win32
		{25A3CFB3-8943-4D9C-84BE-DA3E3C8A4115}.Debug|Win32.ActiveCfg = Debug|Win32
		{25A3CFB3-8943-4D9C-84BE-DA3E3C8A4115}.Debug|Win32.Build.0 = Debug|Win32
		{25A3CFB3-8943-4D9C-84BE-DA3E3C8A4115}.Release|Win32.ActiveCfg = Release|Win32
		{25A3CFB3-8943-4D9C-84BE-DA3E3C8A4115}.Release|Win32.Build.0 = Release|Win32
		{BBFF892D-2F57-4561-B2D0-ED4C3A9B7051}.Debug|Win32.ActiveCfg = Debug|Win32
		{BBFF892D-2F57-4561-B2D0-ED4C3A9B7051}.Debug|Win32.Build.0 = Debug|Win32
		{BBFF892D-2F57-4561-B2D0-ED4C3A9B7051}.Release|Win32.ActiveCfg = Release|Win32
		{BBFF892D-2F57-4561-B2D0-ED4C3A9B7051}.Release|Win32.Build.0 = Release|Win32
		{CB7FED3F-0053-4ED9-8155-70D06457C620}.Debug|Win32.ActiveCfg = Debug|Win32
		{CB7FED3F-0053-4ED9-8155-70D06457C620}.Debug|Win32.Build.0 = Debug|Win32
		{CB7FED3F-0053-4ED9-8155-70D06457C620}.Release|Win32.ActiveCfg = Release|Win32
		{CB7FED3F-0053-4ED9-8155-70D06457C620}.Release|Win32.Build.0 = Release|Win32
		{B107C955-4324-4990-BB79-6CBC91C6D12A}.Debug|Win32.ActiveCfg = Debug|Win32
		{B107C955-4324-4990-BB79-6CBC91C6D12A}.Debug|Win32.Build.0 = Debug|Win32
		{B107C955-4324-4990-BB79-6CBC91C6D12A}.Release|Win32.ActiveCfg = Release|Win32
		{B107C955-4324-4990-BB79-6CBC91C6D12A}.Release|Win32.Build.0 = Release|Win32
	EndGlobalSection
	GlobalSection(SolutionProperties) = preSolution
		HideSolutionNode = FALSE
	EndGlobalSection
EndGlobal
